
Microsoft Visual Studio Solution File, Format Version 12.00
# Visual Studio 15
VisualStudioVersion = 15.0.27428.2037
MinimumVisualStudioVersion = 10.0.40219.1
Project("{FAE04EC0-301F-11D3-BF4B-00C04F79EFBC}") = "MechanicsForum", "..\MechanicsForum\MechanicsForum\MechanicsForum.csproj", "{07690D8E-632A-45EB-BB6C-48C0940254E3}"
EndProject
Global
	GlobalSection(SolutionConfigurationPlatforms) = preSolution
		Debug|Any CPU = Debug|Any CPU
		Release|Any CPU = Release|Any CPU
	EndGlobalSection
	GlobalSection(ProjectConfigurationPlatforms) = postSolution
		{07690D8E-632A-45EB-BB6C-48C0940254E3}.Debug|Any CPU.ActiveCfg = Debug|Any CPU
		{07690D8E-632A-45EB-BB6C-48C0940254E3}.Debug|Any CPU.Build.0 = Debug|Any CPU
		{07690D8E-632A-45EB-BB6C-48C0940254E3}.Release|Any CPU.ActiveCfg = Release|Any CPU
		{07690D8E-632A-45EB-BB6C-48C0940254E3}.Release|Any CPU.Build.0 = Release|Any CPU
	EndGlobalSection
	GlobalSection(SolutionProperties) = preSolution
		HideSolutionNode = FALSE
	EndGlobalSection
	GlobalSection(ExtensibilityGlobals) = postSolution
		SolutionGuid = {44621717-A269-4295-8489-5047C42BEF08}
	EndGlobalSection
EndGlobal
